
Microsoft Visual Studio Solution File, Format Version 12.00
Project("{FAE04EC0-301F-11D3-BF4B-00C04F79EFBC}") = "Basica_12mod", "Basica_12mod\Basica_12mod.csproj", "{BDE7833F-38AA-4A5C-88D2-2AA28827CFA8}"
EndProject
Global
	GlobalSection(SolutionConfigurationPlatforms) = preSolution
		Debug|Any CPU = Debug|Any CPU
		Release|Any CPU = Release|Any CPU
	EndGlobalSection
	GlobalSection(ProjectConfigurationPlatforms) = postSolution
		{BDE7833F-38AA-4A5C-88D2-2AA28827CFA8}.Debug|Any CPU.ActiveCfg = Debug|Any CPU
		{BDE7833F-38AA-4A5C-88D2-2AA28827CFA8}.Debug|Any CPU.Build.0 = Debug|Any CPU
		{BDE7833F-38AA-4A5C-88D2-2AA28827CFA8}.Release|Any CPU.ActiveCfg = Release|Any CPU
		{BDE7833F-38AA-4A5C-88D2-2AA28827CFA8}.Release|Any CPU.Build.0 = Release|Any CPU
	EndGlobalSection
EndGlobal
